
Microsoft Visual Studio Solution File, Format Version 12.00
# Visual Studio 15
VisualStudioVersion = 15.0.28307.329
MinimumVisualStudioVersion = 10.0.40219.1
Project("{2150E333-8FDC-42A3-9474-1A3956D46DE8}") = "Server", "Server", "{655E3054-B648-4ADE-A0BD-E691AD9F6D07}"
EndProject
Project("{2150E333-8FDC-42A3-9474-1A3956D46DE8}") = "Client", "Client", "{F75C4A48-3736-4315-B1B4-6FCAFCD8BA7B}"
EndProject
Project("{2150E333-8FDC-42A3-9474-1A3956D46DE8}") = "src", "src", "{7316291E-34A5-49BB-B338-EE203D1FD74A}"
EndProject
Project("{9A19103F-16F7-4668-BE54-9A1E7A4F7556}") = "GraduateWork.Server.Data", "Server\src\GraduateWork.Server.Data\GraduateWork.Server.Data.csproj", "{9E219C6A-2DB1-45E0-8908-E09098F4C03A}"
EndProject
Project("{9A19103F-16F7-4668-BE54-9A1E7A4F7556}") = "GraduateWork.Server.Services", "Server\src\GraduateWork.Server.Services\GraduateWork.Server.Services.csproj", "{B4771679-642C-42EE-96EC-8FB1EDE99A6D}"
EndProject
Project("{9A19103F-16F7-4668-BE54-9A1E7A4F7556}") = "GraduateWork.Server.Api", "Server\src\GraduateWork.Server.Api\GraduateWork.Server.Api.csproj", "{49B095AA-D068-4E6F-9BB2-B20017D91C97}"
EndProject
Project("{9A19103F-16F7-4668-BE54-9A1E7A4F7556}") = "GraduateWork.Server.Models", "Server\src\GraduateWork.Server.Models\GraduateWork.Server.Models.csproj", "{10AA383C-B64A-4923-BFA3-39F61DFF4FA7}"
EndProject
Project("{2150E333-8FDC-42A3-9474-1A3956D46DE8}") = "src", "src", "{216A0D8F-230F-4462-B9FB-03D6D0574350}"
EndProject
Project("{FAE04EC0-301F-11D3-BF4B-00C04F79EFBC}") = "GraduateWork.Client.Android", "GraduateWork.Client\GraduateWork.Client.Android\GraduateWork.Client.Android.csproj", "{65E3BFD0-CA09-4BC4-8382-42FE8F88D61B}"
EndProject
Project("{FAE04EC0-301F-11D3-BF4B-00C04F79EFBC}") = "GraduateWork.Client.iOS", "GraduateWork.Client\GraduateWork.Client.iOS\GraduateWork.Client.iOS.csproj", "{C5B59D09-40E1-41DB-A5C7-D969B8F575B6}"
EndProject
Project("{9A19103F-16F7-4668-BE54-9A1E7A4F7556}") = "GraduateWork.Client", "GraduateWork.Client\GraduateWork.Client\GraduateWork.Client.csproj", "{60773F8E-45A6-4BFB-962B-EB9B752920AD}"
EndProject
Global
	GlobalSection(SolutionConfigurationPlatforms) = preSolution
		Debug|Any CPU = Debug|Any CPU
		Debug|iPhone = Debug|iPhone
		Debug|iPhoneSimulator = Debug|iPhoneSimulator
		Debug|x86 = Debug|x86
		Release|Any CPU = Release|Any CPU
		Release|iPhone = Release|iPhone
		Release|iPhoneSimulator = Release|iPhoneSimulator
		Release|x86 = Release|x86
	EndGlobalSection
	GlobalSection(ProjectConfigurationPlatforms) = postSolution
		{9E219C6A-2DB1-45E0-8908-E09098F4C03A}.Debug|Any CPU.ActiveCfg = Debug|Any CPU
		{9E219C6A-2DB1-45E0-8908-E09098F4C03A}.Debug|Any CPU.Build.0 = Debug|Any CPU
		{9E219C6A-2DB1-45E0-8908-E09098F4C03A}.Debug|iPhone.ActiveCfg = Debug|Any CPU
		{9E219C6A-2DB1-45E0-8908-E09098F4C03A}.Debug|iPhone.Build.0 = Debug|Any CPU
		{9E219C6A-2DB1-45E0-8908-E09098F4C03A}.Debug|iPhoneSimulator.ActiveCfg = Debug|Any CPU
		{9E219C6A-2DB1-45E0-8908-E09098F4C03A}.Debug|iPhoneSimulator.Build.0 = Debug|Any CPU
		{9E219C6A-2DB1-45E0-8908-E09098F4C03A}.Debug|x86.ActiveCfg = Debug|Any CPU
		{9E219C6A-2DB1-45E0-8908-E09098F4C03A}.Debug|x86.Build.0 = Debug|Any CPU
		{9E219C6A-2DB1-45E0-8908-E09098F4C03A}.Release|Any CPU.ActiveCfg = Release|Any CPU
		{9E219C6A-2DB1-45E0-8908-E09098F4C03A}.Release|Any CPU.Build.0 = Release|Any CPU
		{9E219C6A-2DB1-45E0-8908-E09098F4C03A}.Release|iPhone.ActiveCfg = Release|Any CPU
		{9E219C6A-2DB1-45E0-8908-E09098F4C03A}.Release|iPhone.Build.0 = Release|Any CPU
		{9E219C6A-2DB1-45E0-8908-E09098F4C03A}.Release|iPhoneSimulator.ActiveCfg = Release|Any CPU
		{9E219C6A-2DB1-45E0-8908-E09098F4C03A}.Release|iPhoneSimulator.Build.0 = Release|Any CPU
		{9E219C6A-2DB1-45E0-8908-E09098F4C03A}.Release|x86.ActiveCfg = Release|Any CPU
		{9E219C6A-2DB1-45E0-8908-E09098F4C03A}.Release|x86.Build.0 = Release|Any CPU
		{B4771679-642C-42EE-96EC-8FB1EDE99A6D}.Debug|Any CPU.ActiveCfg = Debug|Any CPU
		{B4771679-642C-42EE-96EC-8FB1EDE99A6D}.Debug|Any CPU.Build.0 = Debug|Any CPU
		{B4771679-642C-42EE-96EC-8FB1EDE99A6D}.Debug|iPhone.ActiveCfg = Debug|Any CPU
		{B4771679-642C-42EE-96EC-8FB1EDE99A6D}.Debug|iPhone.Build.0 = Debug|Any CPU
		{B4771679-642C-42EE-96EC-8FB1EDE99A6D}.Debug|iPhoneSimulator.ActiveCfg = Debug|Any CPU
		{B4771679-642C-42EE-96EC-8FB1EDE99A6D}.Debug|iPhoneSimulator.Build.0 = Debug|Any CPU
		{B4771679-642C-42EE-96EC-8FB1EDE99A6D}.Debug|x86.ActiveCfg = Debug|Any CPU
		{B4771679-642C-42EE-96EC-8FB1EDE99A6D}.Debug|x86.Build.0 = Debug|Any CPU
		{B4771679-642C-42EE-96EC-8FB1EDE99A6D}.Release|Any CPU.ActiveCfg = Release|Any CPU
		{B4771679-642C-42EE-96EC-8FB1EDE99A6D}.Release|Any CPU.Build.0 = Release|Any CPU
		{B4771679-642C-42EE-96EC-8FB1EDE99A6D}.Release|iPhone.ActiveCfg = Release|Any CPU
		{B4771679-642C-42EE-96EC-8FB1EDE99A6D}.Release|iPhone.Build.0 = Release|Any CPU
		{B4771679-642C-42EE-96EC-8FB1EDE99A6D}.Release|iPhoneSimulator.ActiveCfg = Release|Any CPU
		{B4771679-642C-42EE-96EC-8FB1EDE99A6D}.Release|iPhoneSimulator.Build.0 = Release|Any CPU
		{B4771679-642C-42EE-96EC-8FB1EDE99A6D}.Release|x86.ActiveCfg = Release|Any CPU
		{B4771679-642C-42EE-96EC-8FB1EDE99A6D}.Release|x86.Build.0 = Release|Any CPU
		{49B095AA-D068-4E6F-9BB2-B20017D91C97}.Debug|Any CPU.ActiveCfg = Debug|Any CPU
		{49B095AA-D068-4E6F-9BB2-B20017D91C97}.Debug|Any CPU.Build.0 = Debug|Any CPU
		{49B095AA-D068-4E6F-9BB2-B20017D91C97}.Debug|iPhone.ActiveCfg = Debug|Any CPU
		{49B095AA-D068-4E6F-9BB2-B20017D91C97}.Debug|iPhone.Build.0 = Debug|Any CPU
		{49B095AA-D068-4E6F-9BB2-B20017D91C97}.Debug|iPhoneSimulator.ActiveCfg = Debug|Any CPU
		{49B095AA-D068-4E6F-9BB2-B20017D91C97}.Debug|iPhoneSimulator.Build.0 = Debug|Any CPU
		{49B095AA-D068-4E6F-9BB2-B20017D91C97}.Debug|x86.ActiveCfg = Debug|Any CPU
		{49B095AA-D068-4E6F-9BB2-B20017D91C97}.Debug|x86.Build.0 = Debug|Any CPU
		{49B095AA-D068-4E6F-9BB2-B20017D91C97}.Release|Any CPU.ActiveCfg = Release|Any CPU
		{49B095AA-D068-4E6F-9BB2-B20017D91C97}.Release|Any CPU.Build.0 = Release|Any CPU
		{49B095AA-D068-4E6F-9BB2-B20017D91C97}.Release|iPhone.ActiveCfg = Release|Any CPU
		{49B095AA-D068-4E6F-9BB2-B20017D91C97}.Release|iPhone.Build.0 = Release|Any CPU
		{49B095AA-D068-4E6F-9BB2-B20017D91C97}.Release|iPhoneSimulator.ActiveCfg = Release|Any CPU
		{49B095AA-D068-4E6F-9BB2-B20017D91C97}.Release|iPhoneSimulator.Build.0 = Release|Any CPU
		{49B095AA-D068-4E6F-9BB2-B20017D91C97}.Release|x86.ActiveCfg = Release|Any CPU
		{49B095AA-D068-4E6F-9BB2-B20017D91C97}.Release|x86.Build.0 = Release|Any CPU
		{10AA383C-B64A-4923-BFA3-39F61DFF4FA7}.Debug|Any CPU.ActiveCfg = Debug|Any CPU
		{10AA383C-B64A-4923-BFA3-39F61DFF4FA7}.Debug|Any CPU.Build.0 = Debug|Any CPU
		{10AA383C-B64A-4923-BFA3-39F61DFF4FA7}.Debug|iPhone.ActiveCfg = Debug|Any CPU
		{10AA383C-B64A-4923-BFA3-39F61DFF4FA7}.Debug|iPhone.Build.0 = Debug|Any CPU
		{10AA383C-B64A-4923-BFA3-39F61DFF4FA7}.Debug|iPhoneSimulator.ActiveCfg = Debug|Any CPU
		{10AA383C-B64A-4923-BFA3-39F61DFF4FA7}.Debug|iPhoneSimulator.Build.0 = Debug|Any CPU
		{10AA383C-B64A-4923-BFA3-39F61DFF4FA7}.Debug|x86.ActiveCfg = Debug|Any CPU
		{10AA383C-B64A-4923-BFA3-39F61DFF4FA7}.Debug|x86.Build.0 = Debug|Any CPU
		{10AA383C-B64A-4923-BFA3-39F61DFF4FA7}.Release|Any CPU.ActiveCfg = Release|Any CPU
		{10AA383C-B64A-4923-BFA3-39F61DFF4FA7}.Release|Any CPU.Build.0 = Release|Any CPU
		{10AA383C-B64A-4923-BFA3-39F61DFF4FA7}.Release|iPhone.ActiveCfg = Release|Any CPU
		{10AA383C-B64A-4923-BFA3-39F61DFF4FA7}.Release|iPhone.Build.0 = Release|Any CPU
		{10AA383C-B64A-4923-BFA3-39F61DFF4FA7}.Release|iPhoneSimulator.ActiveCfg = Release|Any CPU
		{10AA383C-B64A-4923-BFA3-39F61DFF4FA7}.Release|iPhoneSimulator.Build.0 = Release|Any CPU
		{10AA383C-B64A-4923-BFA3-39F61DFF4FA7}.Release|x86.ActiveCfg = Release|Any CPU
		{10AA383C-B64A-4923-BFA3-39F61DFF4FA7}.Release|x86.Build.0 = Release|Any CPU
		{65E3BFD0-CA09-4BC4-8382-42FE8F88D61B}.Debug|Any CPU.ActiveCfg = Debug|Any CPU
		{65E3BFD0-CA09-4BC4-8382-42FE8F88D61B}.Debug|Any CPU.Build.0 = Debug|Any CPU
		{65E3BFD0-CA09-4BC4-8382-42FE8F88D61B}.Debug|Any CPU.Deploy.0 = Debug|Any CPU
		{65E3BFD0-CA09-4BC4-8382-42FE8F88D61B}.Debug|iPhone.ActiveCfg = Debug|Any CPU
		{65E3BFD0-CA09-4BC4-8382-42FE8F88D61B}.Debug|iPhone.Build.0 = Debug|Any CPU
		{65E3BFD0-CA09-4BC4-8382-42FE8F88D61B}.Debug|iPhone.Deploy.0 = Debug|Any CPU
		{65E3BFD0-CA09-4BC4-8382-42FE8F88D61B}.Debug|iPhoneSimulator.ActiveCfg = Debug|Any CPU
		{65E3BFD0-CA09-4BC4-8382-42FE8F88D61B}.Debug|iPhoneSimulator.Build.0 = Debug|Any CPU
		{65E3BFD0-CA09-4BC4-8382-42FE8F88D61B}.Debug|iPhoneSimulator.Deploy.0 = Debug|Any CPU
		{65E3BFD0-CA09-4BC4-8382-42FE8F88D61B}.Debug|x86.ActiveCfg = Debug|x86
		{65E3BFD0-CA09-4BC4-8382-42FE8F88D61B}.Debug|x86.Build.0 = Debug|x86
		{65E3BFD0-CA09-4BC4-8382-42FE8F88D61B}.Debug|x86.Deploy.0 = Debug|x86
		{65E3BFD0-CA09-4BC4-8382-42FE8F88D61B}.Release|Any CPU.ActiveCfg = Release|Any CPU
		{65E3BFD0-CA09-4BC4-8382-42FE8F88D61B}.Release|Any CPU.Build.0 = Release|Any CPU
		{65E3BFD0-CA09-4BC4-8382-42FE8F88D61B}.Release|Any CPU.Deploy.0 = Release|Any CPU
		{65E3BFD0-CA09-4BC4-8382-42FE8F88D61B}.Release|iPhone.ActiveCfg = Release|Any CPU
		{65E3BFD0-CA09-4BC4-8382-42FE8F88D61B}.Release|iPhone.Build.0 = Release|Any CPU
		{65E3BFD0-CA09-4BC4-8382-42FE8F88D61B}.Release|iPhone.Deploy.0 = Release|Any CPU
		{65E3BFD0-CA09-4BC4-8382-42FE8F88D61B}.Release|iPhoneSimulator.ActiveCfg = Release|Any CPU
		{65E3BFD0-CA09-4BC4-8382-42FE8F88D61B}.Release|iPhoneSimulator.Build.0 = Release|Any CPU
		{65E3BFD0-CA09-4BC4-8382-42FE8F88D61B}.Release|iPhoneSimulator.Deploy.0 = Release|Any CPU
		{65E3BFD0-CA09-4BC4-8382-42FE8F88D61B}.Release|x86.ActiveCfg = Release|x86
		{65E3BFD0-CA09-4BC4-8382-42FE8F88D61B}.Release|x86.Build.0 = Release|x86
		{65E3BFD0-CA09-4BC4-8382-42FE8F88D61B}.Release|x86.Deploy.0 = Release|x86
		{C5B59D09-40E1-41DB-A5C7-D969B8F575B6}.Debug|Any CPU.ActiveCfg = Debug|iPhone
		{C5B59D09-40E1-41DB-A5C7-D969B8F575B6}.Debug|iPhone.ActiveCfg = Debug|iPhone
		{C5B59D09-40E1-41DB-A5C7-D969B8F575B6}.Debug|iPhone.Build.0 = Debug|iPhone
		{C5B59D09-40E1-41DB-A5C7-D969B8F575B6}.Debug|iPhoneSimulator.ActiveCfg = Debug|iPhoneSimulator
		{C5B59D09-40E1-41DB-A5C7-D969B8F575B6}.Debug|iPhoneSimulator.Build.0 = Debug|iPhoneSimulator
		{C5B59D09-40E1-41DB-A5C7-D969B8F575B6}.Debug|x86.ActiveCfg = Debug|iPhoneSimulator
		{C5B59D09-40E1-41DB-A5C7-D969B8F575B6}.Release|Any CPU.ActiveCfg = Release|iPhone
		{C5B59D09-40E1-41DB-A5C7-D969B8F575B6}.Release|iPhone.ActiveCfg = Release|iPhone
		{C5B59D09-40E1-41DB-A5C7-D969B8F575B6}.Release|iPhone.Build.0 = Release|iPhone
		{C5B59D09-40E1-41DB-A5C7-D969B8F575B6}.Release|iPhoneSimulator.ActiveCfg = Release|iPhoneSimulator
		{C5B59D09-40E1-41DB-A5C7-D969B8F575B6}.Release|iPhoneSimulator.Build.0 = Release|iPhoneSimulator
		{C5B59D09-40E1-41DB-A5C7-D969B8F575B6}.Release|x86.ActiveCfg = Release|iPhoneSimulator
		{60773F8E-45A6-4BFB-962B-EB9B752920AD}.Debug|Any CPU.ActiveCfg = Debug|Any CPU
		{60773F8E-45A6-4BFB-962B-EB9B752920AD}.Debug|Any CPU.Build.0 = Debug|Any CPU
		{60773F8E-45A6-4BFB-962B-EB9B752920AD}.Debug|iPhone.ActiveCfg = Debug|Any CPU
		{60773F8E-45A6-4BFB-962B-EB9B752920AD}.Debug|iPhone.Build.0 = Debug|Any CPU
		{60773F8E-45A6-4BFB-962B-EB9B752920AD}.Debug|iPhoneSimulator.ActiveCfg = Debug|Any CPU
		{60773F8E-45A6-4BFB-962B-EB9B752920AD}.Debug|iPhoneSimulator.Build.0 = Debug|Any CPU
		{60773F8E-45A6-4BFB-962B-EB9B752920AD}.Debug|x86.ActiveCfg = Debug|Any CPU
		{60773F8E-45A6-4BFB-962B-EB9B752920AD}.Debug|x86.Build.0 = Debug|Any CPU
		{60773F8E-45A6-4BFB-962B-EB9B752920AD}.Release|Any CPU.ActiveCfg = Release|Any CPU
		{60773F8E-45A6-4BFB-962B-EB9B752920AD}.Release|Any CPU.Build.0 = Release|Any CPU
		{60773F8E-45A6-4BFB-962B-EB9B752920AD}.Release|iPhone.ActiveCfg = Release|Any CPU
		{60773F8E-45A6-4BFB-962B-EB9B752920AD}.Release|iPhone.Build.0 = Release|Any CPU
		{60773F8E-45A6-4BFB-962B-EB9B752920AD}.Release|iPhoneSimulator.ActiveCfg = Release|Any CPU
		{60773F8E-45A6-4BFB-962B-EB9B752920AD}.Release|iPhoneSimulator.Build.0 = Release|Any CPU
		{60773F8E-45A6-4BFB-962B-EB9B752920AD}.Release|x86.ActiveCfg = Release|Any CPU
		{60773F8E-45A6-4BFB-962B-EB9B752920AD}.Release|x86.Build.0 = Release|Any CPU
	EndGlobalSection
	GlobalSection(SolutionProperties) = preSolution
		HideSolutionNode = FALSE
	EndGlobalSection
	GlobalSection(NestedProjects) = preSolution
		{7316291E-34A5-49BB-B338-EE203D1FD74A} = {655E3054-B648-4ADE-A0BD-E691AD9F6D07}
		{9E219C6A-2DB1-45E0-8908-E09098F4C03A} = {7316291E-34A5-49BB-B338-EE203D1FD74A}
		{B4771679-642C-42EE-96EC-8FB1EDE99A6D} = {7316291E-34A5-49BB-B338-EE203D1FD74A}
		{49B095AA-D068-4E6F-9BB2-B20017D91C97} = {7316291E-34A5-49BB-B338-EE203D1FD74A}
		{10AA383C-B64A-4923-BFA3-39F61DFF4FA7} = {7316291E-34A5-49BB-B338-EE203D1FD74A}
		{216A0D8F-230F-4462-B9FB-03D6D0574350} = {F75C4A48-3736-4315-B1B4-6FCAFCD8BA7B}
		{65E3BFD0-CA09-4BC4-8382-42FE8F88D61B} = {216A0D8F-230F-4462-B9FB-03D6D0574350}
		{C5B59D09-40E1-41DB-A5C7-D969B8F575B6} = {216A0D8F-230F-4462-B9FB-03D6D0574350}
		{60773F8E-45A6-4BFB-962B-EB9B752920AD} = {216A0D8F-230F-4462-B9FB-03D6D0574350}
	EndGlobalSection
	GlobalSection(ExtensibilityGlobals) = postSolution
		SolutionGuid = {412BF1F7-8987-411C-824C-635D5956EF6D}
	EndGlobalSection
EndGlobal
